[{<<"cowboy">>,
  {git,"git://github.com/ninenines/cowboy.git",
       {ref,"04ca4c5d31a92d4d3de087bbd7d6021dc4a6d409"}},
  0},
 {<<"cowlib">>,
  {git,"https://github.com/ninenines/cowlib",
       {ref,"e9448e5628c8c1d9083223ff973af8de31a566d1"}},
  1},
 {<<"jsone">>,
  {git,"git://github.com/sile/jsone.git",
       {ref,"5b8a8581743e5975f1b4062f768cff1e75ee39ef"}},
  0},
 {<<"misultin">>,
  {git,"git://github.com/ostinelli/misultin.git",
       {ref,"1973f5c875c1348bba6e506bef97fce1f697254f"}},
  0},
 {<<"ranch">>,
  {git,"https://github.com/ninenines/ranch",
       {ref,"a692f44567034dacf5efcaa24a24183788594eb7"}},
  1}].
